
Microsoft Visual Studio Solution File, Format Version 12.00
# Visual Studio Version 17
VisualStudioVersion = 17.3.32804.467
MinimumVisualStudioVersion = 10.0.40219.1
Project("{FAE04EC0-301F-11D3-BF4B-00C04F79EFBC}") = "testApp2", "testApp2\testApp2.csproj", "{C4E74263-018D-437F-ACA5-8E5326A38459}"
EndProject
Global
	GlobalSection(SolutionConfigurationPlatforms) = preSolution
		Debug|Any CPU = Debug|Any CPU
		Release|Any CPU = Release|Any CPU
	EndGlobalSection
	GlobalSection(ProjectConfigurationPlatforms) = postSolution
		{C4E74263-018D-437F-ACA5-8E5326A38459}.Debug|Any CPU.ActiveCfg = Debug|Any CPU
		{C4E74263-018D-437F-ACA5-8E5326A38459}.Debug|Any CPU.Build.0 = Debug|Any CPU
		{C4E74263-018D-437F-ACA5-8E5326A38459}.Release|Any CPU.ActiveCfg = Release|Any CPU
		{C4E74263-018D-437F-ACA5-8E5326A38459}.Release|Any CPU.Build.0 = Release|Any CPU
	EndGlobalSection
	GlobalSection(SolutionProperties) = preSolution
		HideSolutionNode = FALSE
	EndGlobalSection
	GlobalSection(ExtensibilityGlobals) = postSolution
		SolutionGuid = {AF54D1A0-D36A-4D69-B9A9-53F2F5FF6B9C}
	EndGlobalSection
EndGlobal
